
Microsoft Visual Studio Solution File, Format Version 12.00
# Visual Studio 2012
Project("{FAE04EC0-301F-11D3-BF4B-00C04F79EFBC}") = "JetPilot", "JetPilot\JetPilot.csproj", "{7565D3A9-7666-4F9E-81C3-EBC4E2F6EC46}"
EndProject
Global
	GlobalSection(SolutionConfigurationPlatforms) = preSolution
		Debug|Any CPU = Debug|Any CPU
		Release|Any CPU = Release|Any CPU
	EndGlobalSection
	GlobalSection(ProjectConfigurationPlatforms) = postSolution
		{7565D3A9-7666-4F9E-81C3-EBC4E2F6EC46}.Debug|Any CPU.ActiveCfg = Debug|Any CPU
		{7565D3A9-7666-4F9E-81C3-EBC4E2F6EC46}.Debug|Any CPU.Build.0 = Debug|Any CPU
		{7565D3A9-7666-4F9E-81C3-EBC4E2F6EC46}.Release|Any CPU.ActiveCfg = Release|Any CPU
		{7565D3A9-7666-4F9E-81C3-EBC4E2F6EC46}.Release|Any CPU.Build.0 = Release|Any CPU
	EndGlobalSection
	GlobalSection(SolutionProperties) = preSolution
		HideSolutionNode = FALSE
	EndGlobalSection
EndGlobal
